{
    __meta__ = {
        version = "1.0"
    },
    ["windows|x64"] = {
        ["cmake#31fecfc4"] = {
            repo = {
                branch = "master",
                commit = "d3bd448ef7ae3b0f92345bbead2cc9652d22b3b6",
                url = "https://gitlab.com/tboox/xmake-repo.git"
            },
            version = "3.31.6-msvc6"
        },
        ["directxmath#31fecfc4"] = {
            repo = {
                branch = "master",
                commit = "b2d6e85d23e92d8b8aade0f5cf926075912e7e37",
                url = "https://gitlab.com/tboox/xmake-repo.git"
            },
            version = "2024.02"
        },
        ["directxtk#31fecfc4"] = {
            repo = {
                branch = "master",
                commit = "b2d6e85d23e92d8b8aade0f5cf926075912e7e37",
                url = "https://gitlab.com/tboox/xmake-repo.git"
            },
            version = "24.2.0"
        },
        ["jsoncons#31fecfc4"] = {
            repo = {
                branch = "master",
                commit = "d3bd448ef7ae3b0f92345bbead2cc9652d22b3b6",
                url = "https://gitlab.com/tboox/xmake-repo.git"
            },
            version = "v1.3.2"
        },
        ["ninja#31fecfc4"] = {
            repo = {
                branch = "master",
                commit = "d3bd448ef7ae3b0f92345bbead2cc9652d22b3b6",
                url = "https://gitlab.com/tboox/xmake-repo.git"
            },
            version = "1.12.1"
        },
        ["spdlog#9c36f0a9"] = {
            repo = {
                branch = "master",
                commit = "d3bd448ef7ae3b0f92345bbead2cc9652d22b3b6",
                url = "https://gitlab.com/tboox/xmake-repo.git"
            },
            version = "v1.15.3"
        }
    }
}